key	value
verus_release	release/0.2026.08.30.b432e82
verus_asset	verus-0.2026.08.30.b432e82-x86-linux.zip
verus_asset_sha256	067f5f72a457fe66b77c0c10b180f2a919a9c7481a8baa024ffc716aa931a41b
verus_asset_url	https://github.com/verus-lang/verus/releases/download/release%2F0.2026.08.30.b432e82/verus-0.2026.08.30.b432e82-x86-linux.zip
rustc_toolchain	1.97.1-x86_64-unknown-linux-gnu
z3_version	4.16.0
